{
    "_readme": [
        "This file locks the dependencies of your project to a known state",
        "Read more about it at http://getcomposer.org/doc/01-basic-usage.md#composer-lock-the-lock-file",
        "This file is @generated automatically"
    ],
    "hash": "12466401f9cac88a56624e8876a0eb5f",
    "packages": [
        {
            "name": "doctrine/lexer",
            "version": "dev-master",
            "source": {
                "type": "git",
                "url": "https://github.com/doctrine/lexer.git",
                "reference": "83893c552fd2045dd78aef794c31e694c37c0b8c"
            },
            "dist": {
                "type": "zip",
                "url": "https://api.github.com/repos/doctrine/lexer/zipball/83893c552fd2045dd78aef794c31e694c37c0b8c",
                "reference": "83893c552fd2045dd78aef794c31e694c37c0b8c",
                "shasum": ""
            },
            "require": {
                "php": ">=5.3.2"
            },
            "type": "library",
            "extra": {
                "branch-alias": {
                    "dev-master": "1.0.x-dev"
                }
            },
            "autoload": {
                "psr-0": {
                    "Doctrine\\Common\\Lexer\\": "lib/"
                }
            },
            "notification-url": "https://packagist.org/downloads/",
            "license": [
                "MIT"
            ],
            "authors": [
                {
                    "name": "Roman Borschel",
                    "email": "roman@code-factory.org"
                },
                {
                    "name": "Guilherme Blanco",
                    "email": "guilhermeblanco@gmail.com"
                },
                {
                    "name": "Johannes Schmitt",
                    "email": "schmittjoh@gmail.com"
                }
            ],
            "description": "Base library for a lexer that can be used in Top-Down, Recursive Descent Parsers.",
            "homepage": "http://www.doctrine-project.org",
            "keywords": [
                "lexer",
                "parser"
            ],
            "time": "2014-09-09 13:34:57"
        },
        {
            "name": "egulias/email-validator",
            "version": "dev-master",
            "source": {
                "type": "git",
                "url": "https://github.com/egulias/EmailValidator.git",
                "reference": "0a26375a7a1b25567604d666e1f13123ce636542"
            },
            "dist": {
                "type": "zip",
                "url": "https://api.github.com/repos/egulias/EmailValidator/zipball/0a26375a7a1b25567604d666e1f13123ce636542",
                "reference": "0a26375a7a1b25567604d666e1f13123ce636542",
                "shasum": ""
            },
            "require": {
                "doctrine/lexer": "~1.0,>=1.0.1",
                "php": ">= 5.3.3"
            },
            "require-dev": {
                "phpunit/phpunit": "~4.4",
                "satooshi/php-coveralls": "dev-master"
            },
            "type": "library",
            "extra": {
                "branch-alias": {
                    "dev-master": "1.3.x-dev"
                }
            },
            "autoload": {
                "psr-0": {
                    "Egulias\\": "src/"
                }
            },
            "notification-url": "https://packagist.org/downloads/",
            "license": [
                "MIT"
            ],
            "authors": [
                {
                    "name": "Eduardo Gulias Davis"
                }
            ],
            "description": "A library for validating emails",
            "homepage": "https://github.com/egulias/EmailValidator",
            "keywords": [
                "email",
                "validation",
                "validator"
            ],
            "time": "2015-03-08 00:24:16"
        },
        {
            "name": "simplon/helper",
            "version": "0.8.5",
            "source": {
                "type": "git",
                "url": "https://github.com/fightbulc/simplon_helper.git",
                "reference": "f83c50a5730a09155ea4b4acfba551a62160cfec"
            },
            "dist": {
                "type": "zip",
                "url": "https://api.github.com/repos/fightbulc/simplon_helper/zipball/f83c50a5730a09155ea4b4acfba551a62160cfec",
                "reference": "f83c50a5730a09155ea4b4acfba551a62160cfec",
                "shasum": ""
            },
            "require": {
                "php": ">=5.4"
            },
            "type": "library",
            "autoload": {
                "psr-4": {
                    "Simplon\\Helper\\": "src/"
                }
            },
            "notification-url": "https://packagist.org/downloads/",
            "license": [
                "MIT"
            ],
            "authors": [
                {
                    "name": "Tino Ehrich",
                    "email": "tino@bigpun.me",
                    "role": "developer"
                }
            ],
            "description": "Helpers for recurring tasks.",
            "homepage": "https://github.com/fightbulc/simplon_helper",
            "keywords": [
                "helper",
                "strings",
                "value objects"
            ],
            "time": "2015-03-09 17:54:44"
        },
        {
            "name": "simplon/mustache",
            "version": "0.1.14",
            "source": {
                "type": "git",
                "url": "https://github.com/fightbulc/simplon_mustache.git",
                "reference": "00d95584b4bf8e64e1c3974966dbd13cabc7fe2c"
            },
            "dist": {
                "type": "zip",
                "url": "https://api.github.com/repos/fightbulc/simplon_mustache/zipball/00d95584b4bf8e64e1c3974966dbd13cabc7fe2c",
                "reference": "00d95584b4bf8e64e1c3974966dbd13cabc7fe2c",
                "shasum": ""
            },
            "require": {
                "php": ">=5.4"
            },
            "type": "library",
            "autoload": {
                "psr-4": {
                    "Simplon\\Mustache\\": "src/"
                }
            },
            "notification-url": "https://packagist.org/downloads/",
            "license": [
                "MIT"
            ],
            "authors": [
                {
                    "name": "Tino Ehrich",
                    "email": "tino@bigpun.me",
                    "role": "developer"
                }
            ],
            "description": "Lightweight & fast implementation of Mustache - Logic-less templates.",
            "homepage": "https://github.com/fightbulc/simplon_mustache",
            "keywords": [
                "fast",
                "leightweight",
                "less",
                "logic",
                "logic-less",
                "mustache",
                "template"
            ],
            "time": "2015-02-07 21:44:54"
        },
        {
            "name": "swiftmailer/swiftmailer",
            "version": "dev-master",
            "source": {
                "type": "git",
                "url": "https://github.com/swiftmailer/swiftmailer.git",
                "reference": "048be6f7c19944d604e321347990543bc2bbe10b"
            },
            "dist": {
                "type": "zip",
                "url": "https://api.github.com/repos/swiftmailer/swiftmailer/zipball/048be6f7c19944d604e321347990543bc2bbe10b",
                "reference": "048be6f7c19944d604e321347990543bc2bbe10b",
                "shasum": ""
            },
            "require": {
                "egulias/email-validator": "~1.2",
                "php": ">=5.5.0"
            },
            "require-dev": {
                "mockery/mockery": "~0.9.1"
            },
            "type": "library",
            "extra": {
                "branch-alias": {
                    "dev-master": "5.4-dev"
                }
            },
            "autoload": {
                "files": [
                    "lib/swift_required.php"
                ]
            },
            "notification-url": "https://packagist.org/downloads/",
            "license": [
                "MIT"
            ],
            "authors": [
                {
                    "name": "Chris Corbyn"
                },
                {
                    "name": "Fabien Potencier",
                    "email": "fabien@symfony.com"
                }
            ],
            "description": "Swiftmailer, free feature-rich PHP mailer",
            "homepage": "http://swiftmailer.org",
            "keywords": [
                "mail",
                "mailer"
            ],
            "time": "2015-03-14 06:07:26"
        }
    ],
    "packages-dev": [],
    "aliases": [],
    "minimum-stability": "dev",
    "stability-flags": [],
    "prefer-stable": false,
    "prefer-lowest": false,
    "platform": {
        "php": ">=5.4"
    },
    "platform-dev": []
}
