{
    "_readme": [
        "This file locks the dependencies of your project to a known state",
        "Read more about it at http://getcomposer.org/doc/01-basic-usage.md#composer-lock-the-lock-file"
    ],
    "hash": "df230fcc42848910163cfb8f28167424",
    "packages": [
        {
            "name": "simplon/helper",
            "version": "0.6.2",
            "source": {
                "type": "git",
                "url": "https://github.com/fightbulc/simplon_helper.git",
                "reference": "0.6.2"
            },
            "dist": {
                "type": "zip",
                "url": "https://api.github.com/repos/fightbulc/simplon_helper/zipball/0.6.2",
                "reference": "0.6.2",
                "shasum": ""
            },
            "require": {
                "ext-json": "*",
                "php": ">=5.4"
            },
            "type": "library",
            "autoload": {
                "psr-0": {
                    "Simplon\\Helper": "src/"
                }
            },
            "notification-url": "https://packagist.org/downloads/",
            "license": [
                "MIT"
            ],
            "authors": [
                {
                    "name": "Tino Ehrich",
                    "email": "opensource@efides.com",
                    "role": "developer"
                }
            ],
            "description": "General helpers which come-in helpful.",
            "homepage": "https://github.com/fightbulc/simplon_helper",
            "keywords": [
                "helper",
                "json",
                "numbers",
                "strings",
                "time"
            ],
            "time": "2013-05-30 05:27:16"
        },
        {
            "name": "swiftmailer/swiftmailer",
            "version": "v5.0.1",
            "source": {
                "type": "git",
                "url": "https://github.com/swiftmailer/swiftmailer.git",
                "reference": "v5.0.1"
            },
            "dist": {
                "type": "zip",
                "url": "https://api.github.com/repos/swiftmailer/swiftmailer/zipball/v5.0.1",
                "reference": "v5.0.1",
                "shasum": ""
            },
            "require": {
                "php": ">=5.2.4"
            },
            "type": "library",
            "extra": {
                "branch-alias": {
                    "dev-master": "5.1-dev"
                }
            },
            "autoload": {
                "files": [
                    "lib/swift_required.php"
                ]
            },
            "notification-url": "https://packagist.org/downloads/",
            "license": [
                "MIT"
            ],
            "authors": [
                {
                    "name": "Fabien Potencier",
                    "email": "fabien@symfony.com"
                },
                {
                    "name": "Chris Corbyn"
                }
            ],
            "description": "Swiftmailer, free feature-rich PHP mailer",
            "homepage": "http://swiftmailer.org",
            "keywords": [
                "mail",
                "mailer"
            ],
            "time": "2013-06-17 13:32:32"
        }
    ],
    "packages-dev": [

    ],
    "aliases": [

    ],
    "minimum-stability": "dev",
    "stability-flags": [

    ],
    "platform": {
        "php": ">=5.4"
    },
    "platform-dev": [

    ]
}
